// !$*UTF8*$!
{
	archiveVersion = 1;
	classes = {
	};
	objectVersion = 46;
	objects = {

/* Begin PBXBuildFile section */
		D383595A1C34C04C006C3D12 /* AppDelegate.swift in Sources */ = {isa = PBXBuildFile; fileRef = D38359591C34C04C006C3D12 /* AppDelegate.swift */; };
		D383595F1C34C04C006C3D12 /* Main.storyboard in Resources */ = {isa = PBXBuildFile; fileRef = D383595D1C34C04C006C3D12 /* Main.storyboard */; };
		D38359611C34C04C006C3D12 /* Assets.xcassets in Resources */ = {isa = PBXBuildFile; fileRef = D38359601C34C04C006C3D12 /* Assets.xcassets */; };
		D38359641C34C04C006C3D12 /* LaunchScreen.storyboard in Resources */ = {isa = PBXBuildFile; fileRef = D38359621C34C04C006C3D12 /* LaunchScreen.storyboard */; };
		D383596F1C34C04C006C3D12 /* HelloUIRefreshControlTests.swift in Sources */ = {isa = PBXBuildFile; fileRef = D383596E1C34C04C006C3D12 /* HelloUIRefreshControlTests.swift */; };
		D383597A1C34C04C006C3D12 /* HelloUIRefreshControlUITests.swift in Sources */ = {isa = PBXBuildFile; fileRef = D38359791C34C04C006C3D12 /* HelloUIRefreshControlUITests.swift */; };
		D38359881C34D001006C3D12 /* TableViewController.swift in Sources */ = {isa = PBXBuildFile; fileRef = D38359871C34D001006C3D12 /* TableViewController.swift */; };
/* End PBXBuildFile section */

/* Begin PBXContainerItemProxy section */
		D383596B1C34C04C006C3D12 /* PBXContainerItemProxy */ = {
			isa = PBXContainerItemProxy;
			containerPortal = D383594E1C34C04C006C3D12 /* Project object */;
			proxyType = 1;
			remoteGlobalIDString = D38359551C34C04C006C3D12;
			remoteInfo = HelloUIRefreshControl;
		};
		D38359761C34C04C006C3D12 /* PBXContainerItemProxy */ = {
			isa = PBXContainerItemProxy;
			containerPortal = D383594E1C34C04C006C3D12 /* Project object */;
			proxyType = 1;
			remoteGlobalIDString = D38359551C34C04C006C3D12;
			remoteInfo = HelloUIRefreshControl;
		};
/* End PBXContainerItemProxy section */

/* Begin PBXFileReference section */
		D38359561C34C04C006C3D12 /* HelloUIRefreshControl.app */ = {isa = PBXFileReference; explicitFileType = wrapper.application; includeInIndex = 0; path = HelloUIRefreshControl.app; sourceTree = BUILT_PRODUCTS_DIR; };
		D38359591C34C04C006C3D12 /* AppDelegate.swift */ = {isa = PBXFileReference; lastKnownFileType = sourcecode.swift; path = AppDelegate.swift; sourceTree = "<group>"; };
		D383595E1C34C04C006C3D12 /* Base */ = {isa = PBXFileReference; lastKnownFileType = file.storyboard; name = Base; path = Base.lproj/Main.storyboard; sourceTree = "<group>"; };
		D38359601C34C04C006C3D12 /* Assets.xcassets */ = {isa = PBXFileReference; lastKnownFileType = folder.assetcatalog; path = Assets.xcassets; sourceTree = "<group>"; };
		D38359631C34C04C006C3D12 /* Base */ = {isa = PBXFileReference; lastKnownFileType = file.storyboard; name = Base; path = Base.lproj/LaunchScreen.storyboard; sourceTree = "<group>"; };
		D38359651C34C04C006C3D12 /* Info.plist */ = {isa = PBXFileReference; lastKnownFileType = text.plist.xml; path = Info.plist; sourceTree = "<group>"; };
		D383596A1C34C04C006C3D12 /* HelloUIRefreshControlTests.xctest */ = {isa = PBXFileReference; explicitFileType = wrapper.cfbundle; includeInIndex = 0; path = HelloUIRefreshControlTests.xctest; sourceTree = BUILT_PRODUCTS_DIR; };
		D383596E1C34C04C006C3D12 /* HelloUIRefreshControlTests.swift */ = {isa = PBXFileReference; lastKnownFileType = sourcecode.swift; path = HelloUIRefreshControlTests.swift; sourceTree = "<group>"; };
		D38359701C34C04C006C3D12 /* Info.plist */ = {isa = PBXFileReference; lastKnownFileType = text.plist.xml; path = Info.plist; sourceTree = "<group>"; };
		D38359751C34C04C006C3D12 /* HelloUIRefreshControlUITests.xctest */ = {isa = PBXFileReference; explicitFileType = wrapper.cfbundle; includeInIndex = 0; path = HelloUIRefreshControlUITests.xctest; sourceTree = BUILT_PRODUCTS_DIR; };
		D38359791C34C04C006C3D12 /* HelloUIRefreshControlUITests.swift */ = {isa = PBXFileReference; lastKnownFileType = sourcecode.swift; path = HelloUIRefreshControlUITests.swift; sourceTree = "<group>"; };
		D383597B1C34C04C006C3D12 /* Info.plist */ = {isa = PBXFileReference; lastKnownFileType = text.plist.xml; path = Info.plist; sourceTree = "<group>"; };
		D38359871C34D001006C3D12 /* TableViewController.swift */ = {isa = PBXFileReference; fileEncoding = 4; lastKnownFileType = sourcecode.swift; path = TableViewController.swift; sourceTree = "<group>"; };
/* End PBXFileReference section */

/* Begin PBXFrameworksBuildPhase section */
		D38359531C34C04C006C3D12 /* Frameworks */ = {
			isa = PBXFrameworksBuildPhase;
			buildActionMask = 2147483647;
			files = (
			);
			runOnlyForDeploymentPostprocessing = 0;
		};
		D38359671C34C04C006C3D12 /* Frameworks */ = {
			isa = PBXFrameworksBuildPhase;
			buildActionMask = 2147483647;
			files = (
			);
			runOnlyForDeploymentPostprocessing = 0;
		};
		D38359721C34C04C006C3D12 /* Frameworks */ = {
			isa = PBXFrameworksBuildPhase;
			buildActionMask = 2147483647;
			files = (
			);
			runOnlyForDeploymentPostprocessing = 0;
		};
/* End PBXFrameworksBuildPhase section */

/* Begin PBXGroup section */
		D383594D1C34C04C006C3D12 = {
			isa = PBXGroup;
			children = (
				D38359581C34C04C006C3D12 /* HelloUIRefreshControl */,
				D383596D1C34C04C006C3D12 /* HelloUIRefreshControlTests */,
				D38359781C34C04C006C3D12 /* HelloUIRefreshControlUITests */,
				D38359571C34C04C006C3D12 /* Products */,
			);
			sourceTree = "<group>";
		};
		D38359571C34C04C006C3D12 /* Products */ = {
			isa = PBXGroup;
			children = (
				D38359561C34C04C006C3D12 /* HelloUIRefreshControl.app */,
				D383596A1C34C04C006C3D12 /* HelloUIRefreshControlTests.xctest */,
				D38359751C34C04C006C3D12 /* HelloUIRefreshControlUITests.xctest */,
			);
			name = Products;
			sourceTree = "<group>";
		};
		D38359581C34C04C006C3D12 /* HelloUIRefreshControl */ = {
			isa = PBXGroup;
			children = (
				D38359591C34C04C006C3D12 /* AppDelegate.swift */,
				D38359871C34D001006C3D12 /* TableViewController.swift */,
				D383595D1C34C04C006C3D12 /* Main.storyboard */,
				D38359601C34C04C006C3D12 /* Assets.xcassets */,
				D38359621C34C04C006C3D12 /* LaunchScreen.storyboard */,
				D38359651C34C04C006C3D12 /* Info.plist */,
			);
			path = HelloUIRefreshControl;
			sourceTree = "<group>";
		};
		D383596D1C34C04C006C3D12 /* HelloUIRefreshControlTests */ = {
			isa = PBXGroup;
			children = (
				D383596E1C34C04C006C3D12 /* HelloUIRefreshControlTests.swift */,
				D38359701C34C04C006C3D12 /* Info.plist */,
			);
			path = HelloUIRefreshControlTests;
			sourceTree = "<group>";
		};
		D38359781C34C04C006C3D12 /* HelloUIRefreshControlUITests */ = {
			isa = PBXGroup;
			children = (
				D38359791C34C04C006C3D12 /* HelloUIRefreshControlUITests.swift */,
				D383597B1C34C04C006C3D12 /* Info.plist */,
			);
			path = HelloUIRefreshControlUITests;
			sourceTree = "<group>";
		};
/* End PBXGroup section */

/* Begin PBXNativeTarget section */
		D38359551C34C04C006C3D12 /* HelloUIRefreshControl */ = {
			isa = PBXNativeTarget;
			buildConfigurationList = D383597E1C34C04C006C3D12 /* Build configuration list for PBXNativeTarget "HelloUIRefreshControl" */;
			buildPhases = (
				D38359521C34C04C006C3D12 /* Sources */,
				D38359531C34C04C006C3D12 /* Frameworks */,
				D38359541C34C04C006C3D12 /* Resources */,
			);
			buildRules = (
			);
			dependencies = (
			);
			name = HelloUIRefreshControl;
			productName = HelloUIRefreshControl;
			productReference = D38359561C34C04C006C3D12 /* HelloUIRefreshControl.app */;
			productType = "com.apple.product-type.application";
		};
		D38359691C34C04C006C3D12 /* HelloUIRefreshControlTests */ = {
			isa = PBXNativeTarget;
			buildConfigurationList = D38359811C34C04C006C3D12 /* Build configuration list for PBXNativeTarget "HelloUIRefreshControlTests" */;
			buildPhases = (
				D38359661C34C04C006C3D12 /* Sources */,
				D38359671C34C04C006C3D12 /* Frameworks */,
				D38359681C34C04C006C3D12 /* Resources */,
			);
			buildRules = (
			);
			dependencies = (
				D383596C1C34C04C006C3D12 /* PBXTargetDependency */,
			);
			name = HelloUIRefreshControlTests;
			productName = HelloUIRefreshControlTests;
			productReference = D383596A1C34C04C006C3D12 /* HelloUIRefreshControlTests.xctest */;
			productType = "com.apple.product-type.bundle.unit-test";
		};
		D38359741C34C04C006C3D12 /* HelloUIRefreshControlUITests */ = {
			isa = PBXNativeTarget;
			buildConfigurationList = D38359841C34C04C006C3D12 /* Build configuration list for PBXNativeTarget "HelloUIRefreshControlUITests" */;
			buildPhases = (
				D38359711C34C04C006C3D12 /* Sources */,
				D38359721C34C04C006C3D12 /* Frameworks */,
				D38359731C34C04C006C3D12 /* Resources */,
			);
			buildRules = (
			);
			dependencies = (
				D38359771C34C04C006C3D12 /* PBXTargetDependency */,
			);
			name = HelloUIRefreshControlUITests;
			productName = HelloUIRefreshControlUITests;
			productReference = D38359751C34C04C006C3D12 /* HelloUIRefreshControlUITests.xctest */;
			productType = "com.apple.product-type.bundle.ui-testing";
		};
/* End PBXNativeTarget section */

/* Begin PBXProject section */
		D383594E1C34C04C006C3D12 /* Project object */ = {
			isa = PBXProject;
			attributes = {
				LastSwiftUpdateCheck = 0720;
				LastUpgradeCheck = 0720;
				ORGANIZATIONNAME = "Masaaki Uno";
				TargetAttributes = {
					D38359551C34C04C006C3D12 = {
						CreatedOnToolsVersion = 7.2;
					};
					D38359691C34C04C006C3D12 = {
						CreatedOnToolsVersion = 7.2;
						TestTargetID = D38359551C34C04C006C3D12;
					};
					D38359741C34C04C006C3D12 = {
						CreatedOnToolsVersion = 7.2;
						TestTargetID = D38359551C34C04C006C3D12;
					};
				};
			};
			buildConfigurationList = D38359511C34C04C006C3D12 /* Build configuration list for PBXProject "HelloUIRefreshControl" */;
			compatibilityVersion = "Xcode 3.2";
			developmentRegion = English;
			hasScannedForEncodings = 0;
			knownRegions = (
				en,
				Base,
			);
			mainGroup = D383594D1C34C04C006C3D12;
			productRefGroup = D38359571C34C04C006C3D12 /* Products */;
			projectDirPath = "";
			projectRoot = "";
			targets = (
				D38359551C34C04C006C3D12 /* HelloUIRefreshControl */,
				D38359691C34C04C006C3D12 /* HelloUIRefreshControlTests */,
				D38359741C34C04C006C3D12 /* HelloUIRefreshControlUITests */,
			);
		};
/* End PBXProject section */

/* Begin PBXResourcesBuildPhase section */
		D38359541C34C04C006C3D12 /* Resources */ = {
			isa = PBXResourcesBuildPhase;
			buildActionMask = 2147483647;
			files = (
				D38359641C34C04C006C3D12 /* LaunchScreen.storyboard in Resources */,
				D38359611C34C04C006C3D12 /* Assets.xcassets in Resources */,
				D383595F1C34C04C006C3D12 /* Main.storyboard in Resources */,
			);
			runOnlyForDeploymentPostprocessing = 0;
		};
		D38359681C34C04C006C3D12 /* Resources */ = {
			isa = PBXResourcesBuildPhase;
			buildActionMask = 2147483647;
			files = (
			);
			runOnlyForDeploymentPostprocessing = 0;
		};
		D38359731C34C04C006C3D12 /* Resources */ = {
			isa = PBXResourcesBuildPhase;
			buildActionMask = 2147483647;
			files = (
			);
			runOnlyForDeploymentPostprocessing = 0;
		};
/* End PBXResourcesBuildPhase section */

/* Begin PBXSourcesBuildPhase section */
		D38359521C34C04C006C3D12 /* Sources */ = {
			isa = PBXSourcesBuildPhase;
			buildActionMask = 2147483647;
			files = (
				D38359881C34D001006C3D12 /* TableViewController.swift in Sources */,
				D383595A1C34C04C006C3D12 /* AppDelegate.swift in Sources */,
			);
			runOnlyForDeploymentPostprocessing = 0;
		};
		D38359661C34C04C006C3D12 /* Sources */ = {
			isa = PBXSourcesBuildPhase;
			buildActionMask = 2147483647;
			files = (
				D383596F1C34C04C006C3D12 /* HelloUIRefreshControlTests.swift in Sources */,
			);
			runOnlyForDeploymentPostprocessing = 0;
		};
		D38359711C34C04C006C3D12 /* Sources */ = {
			isa = PBXSourcesBuildPhase;
			buildActionMask = 2147483647;
			files = (
				D383597A1C34C04C006C3D12 /* HelloUIRefreshControlUITests.swift in Sources */,
			);
			runOnlyForDeploymentPostprocessing = 0;
		};
/* End PBXSourcesBuildPhase section */

/* Begin PBXTargetDependency section */
		D383596C1C34C04C006C3D12 /* PBXTargetDependency */ = {
			isa = PBXTargetDependency;
			target = D38359551C34C04C006C3D12 /* HelloUIRefreshControl */;
			targetProxy = D383596B1C34C04C006C3D12 /* PBXContainerItemProxy */;
		};
		D38359771C34C04C006C3D12 /* PBXTargetDependency */ = {
			isa = PBXTargetDependency;
			target = D38359551C34C04C006C3D12 /* HelloUIRefreshControl */;
			targetProxy = D38359761C34C04C006C3D12 /* PBXContainerItemProxy */;
		};
/* End PBXTargetDependency section */

/* Begin PBXVariantGroup section */
		D383595D1C34C04C006C3D12 /* Main.storyboard */ = {
			isa = PBXVariantGroup;
			children = (
				D383595E1C34C04C006C3D12 /* Base */,
			);
			name = Main.storyboard;
			sourceTree = "<group>";
		};
		D38359621C34C04C006C3D12 /* LaunchScreen.storyboard */ = {
			isa = PBXVariantGroup;
			children = (
				D38359631C34C04C006C3D12 /* Base */,
			);
			name = LaunchScreen.storyboard;
			sourceTree = "<group>";
		};
/* End PBXVariantGroup section */

/* Begin XCBuildConfiguration section */
		D383597C1C34C04C006C3D12 /* Debug */ = {
			isa = XCBuildConfiguration;
			buildSettings = {
				ALWAYS_SEARCH_USER_PATHS = NO;
				CLANG_CXX_LANGUAGE_STANDARD = "gnu++0x";
				CLANG_CXX_LIBRARY = "libc++";
				CLANG_ENABLE_MODULES = YES;
				CLANG_ENABLE_OBJC_ARC = YES;
				CLANG_WARN_BOOL_CONVERSION = YES;
				CLANG_WARN_CONSTANT_CONVERSION = YES;
				CLANG_WARN_DIRECT_OBJC_ISA_USAGE = YES_ERROR;
				CLANG_WARN_EMPTY_BODY = YES;
				CLANG_WARN_ENUM_CONVERSION = YES;
				CLANG_WARN_INT_CONVERSION = YES;
				CLANG_WARN_OBJC_ROOT_CLASS = YES_ERROR;
				CLANG_WARN_UNREACHABLE_CODE = YES;
				CLANG_WARN__DUPLICATE_METHOD_MATCH = YES;
				"CODE_SIGN_IDENTITY[sdk=iphoneos*]" = "iPhone Developer";
				COPY_PHASE_STRIP = NO;
				DEBUG_INFORMATION_FORMAT = dwarf;
				ENABLE_STRICT_OBJC_MSGSEND = YES;
				ENABLE_TESTABILITY = YES;
				GCC_C_LANGUAGE_STANDARD = gnu99;
				GCC_DYNAMIC_NO_PIC = NO;
				GCC_NO_COMMON_BLOCKS = YES;
				GCC_OPTIMIZATION_LEVEL = 0;
				GCC_PREPROCESSOR_DEFINITIONS = (
					"DEBUG=1",
					"$(inherited)",
				);
				GCC_WARN_64_TO_32_BIT_CONVERSION = YES;
				GCC_WARN_ABOUT_RETURN_TYPE = YES_ERROR;
				GCC_WARN_UNDECLARED_SELECTOR = YES;
				GCC_WARN_UNINITIALIZED_AUTOS = YES_AGGRESSIVE;
				GCC_WARN_UNUSED_FUNCTION = YES;
				GCC_WARN_UNUSED_VARIABLE = YES;
				IPHONEOS_DEPLOYMENT_TARGET = 9.2;
				MTL_ENABLE_DEBUG_INFO = YES;
				ONLY_ACTIVE_ARCH = YES;
				SDKROOT = iphoneos;
				SWIFT_OPTIMIZATION_LEVEL = "-Onone";
			};
			name = Debug;
		};
		D383597D1C34C04C006C3D12 /* Release */ = {
			isa = XCBuildConfiguration;
			buildSettings = {
				ALWAYS_SEARCH_USER_PATHS = NO;
				CLANG_CXX_LANGUAGE_STANDARD = "gnu++0x";
				CLANG_CXX_LIBRARY = "libc++";
				CLANG_ENABLE_MODULES = YES;
				CLANG_ENABLE_OBJC_ARC = YES;
				CLANG_WARN_BOOL_CONVERSION = YES;
				CLANG_WARN_CONSTANT_CONVERSION = YES;
				CLANG_WARN_DIRECT_OBJC_ISA_USAGE = YES_ERROR;
				CLANG_WARN_EMPTY_BODY = YES;
				CLANG_WARN_ENUM_CONVERSION = YES;
				CLANG_WARN_INT_CONVERSION = YES;
				CLANG_WARN_OBJC_ROOT_CLASS = YES_ERROR;
				CLANG_WARN_UNREACHABLE_CODE = YES;
				CLANG_WARN__DUPLICATE_METHOD_MATCH = YES;
				"CODE_SIGN_IDENTITY[sdk=iphoneos*]" = "iPhone Developer";
				COPY_PHASE_STRIP = NO;
				DEBUG_INFORMATION_FORMAT = "dwarf-with-dsym";
				ENABLE_NS_ASSERTIONS = NO;
				ENABLE_STRICT_OBJC_MSGSEND = YES;
				GCC_C_LANGUAGE_STANDARD = gnu99;
				GCC_NO_COMMON_BLOCKS = YES;
				GCC_WARN_64_TO_32_BIT_CONVERSION = YES;
				GCC_WARN_ABOUT_RETURN_TYPE = YES_ERROR;
				GCC_WARN_UNDECLARED_SELECTOR = YES;
				GCC_WARN_UNINITIALIZED_AUTOS = YES_AGGRESSIVE;
				GCC_WARN_UNUSED_FUNCTION = YES;
				GCC_WARN_UNUSED_VARIABLE = YES;
				IPHONEOS_DEPLOYMENT_TARGET = 9.2;
				MTL_ENABLE_DEBUG_INFO = NO;
				SDKROOT = iphoneos;
				VALIDATE_PRODUCT = YES;
			};
			name = Release;
		};
		D383597F1C34C04C006C3D12 /* Debug */ = {
			isa = XCBuildConfiguration;
			buildSettings = {
				ASSETCATALOG_COMPILER_APPICON_NAME = AppIcon;
				INFOPLIST_FILE = HelloUIRefreshControl/Info.plist;
				LD_RUNPATH_SEARCH_PATHS = "$(inherited) @executable_path/Frameworks";
				PRODUCT_BUNDLE_IDENTIFIER = jp.smaphonia.HelloUIRefreshControl;
				PRODUCT_NAME = "$(TARGET_NAME)";
			};
			name = Debug;
		};
		D38359801C34C04C006C3D12 /* Release */ = {
			isa = XCBuildConfiguration;
			buildSettings = {
				ASSETCATALOG_COMPILER_APPICON_NAME = AppIcon;
				INFOPLIST_FILE = HelloUIRefreshControl/Info.plist;
				LD_RUNPATH_SEARCH_PATHS = "$(inherited) @executable_path/Frameworks";
				PRODUCT_BUNDLE_IDENTIFIER = jp.smaphonia.HelloUIRefreshControl;
				PRODUCT_NAME = "$(TARGET_NAME)";
			};
			name = Release;
		};
		D38359821C34C04C006C3D12 /* Debug */ = {
			isa = XCBuildConfiguration;
			buildSettings = {
				BUNDLE_LOADER = "$(TEST_HOST)";
				INFOPLIST_FILE = HelloUIRefreshControlTests/Info.plist;
				LD_RUNPATH_SEARCH_PATHS = "$(inherited) @executable_path/Frameworks @loader_path/Frameworks";
				PRODUCT_BUNDLE_IDENTIFIER = jp.smaphonia.HelloUIRefreshControlTests;
				PRODUCT_NAME = "$(TARGET_NAME)";
				TEST_HOST = "$(BUILT_PRODUCTS_DIR)/HelloUIRefreshControl.app/HelloUIRefreshControl";
			};
			name = Debug;
		};
		D38359831C34C04C006C3D12 /* Release */ = {
			isa = XCBuildConfiguration;
			buildSettings = {
				BUNDLE_LOADER = "$(TEST_HOST)";
				INFOPLIST_FILE = HelloUIRefreshControlTests/Info.plist;
				LD_RUNPATH_SEARCH_PATHS = "$(inherited) @executable_path/Frameworks @loader_path/Frameworks";
				PRODUCT_BUNDLE_IDENTIFIER = jp.smaphonia.HelloUIRefreshControlTests;
				PRODUCT_NAME = "$(TARGET_NAME)";
				TEST_HOST = "$(BUILT_PRODUCTS_DIR)/HelloUIRefreshControl.app/HelloUIRefreshControl";
			};
			name = Release;
		};
		D38359851C34C04C006C3D12 /* Debug */ = {
			isa = XCBuildConfiguration;
			buildSettings = {
				INFOPLIST_FILE = HelloUIRefreshControlUITests/Info.plist;
				LD_RUNPATH_SEARCH_PATHS = "$(inherited) @executable_path/Frameworks @loader_path/Frameworks";
				PRODUCT_BUNDLE_IDENTIFIER = jp.smaphonia.HelloUIRefreshControlUITests;
				PRODUCT_NAME = "$(TARGET_NAME)";
				TEST_TARGET_NAME = HelloUIRefreshControl;
				USES_XCTRUNNER = YES;
			};
			name = Debug;
		};
		D38359861C34C04C006C3D12 /* Release */ = {
			isa = XCBuildConfiguration;
			buildSettings = {
				INFOPLIST_FILE = HelloUIRefreshControlUITests/Info.plist;
				LD_RUNPATH_SEARCH_PATHS = "$(inherited) @executable_path/Frameworks @loader_path/Frameworks";
				PRODUCT_BUNDLE_IDENTIFIER = jp.smaphonia.HelloUIRefreshControlUITests;
				PRODUCT_NAME = "$(TARGET_NAME)";
				TEST_TARGET_NAME = HelloUIRefreshControl;
				USES_XCTRUNNER = YES;
			};
			name = Release;
		};
/* End XCBuildConfiguration section */

/* Begin XCConfigurationList section */
		D38359511C34C04C006C3D12 /* Build configuration list for PBXProject "HelloUIRefreshControl" */ = {
			isa = XCConfigurationList;
			buildConfigurations = (
				D383597C1C34C04C006C3D12 /* Debug */,
				D383597D1C34C04C006C3D12 /* Release */,
			);
			defaultConfigurationIsVisible = 0;
			defaultConfigurationName = Release;
		};
		D383597E1C34C04C006C3D12 /* Build configuration list for PBXNativeTarget "HelloUIRefreshControl" */ = {
			isa = XCConfigurationList;
			buildConfigurations = (
				D383597F1C34C04C006C3D12 /* Debug */,
				D38359801C34C04C006C3D12 /* Release */,
			);
			defaultConfigurationIsVisible = 0;
		};
		D38359811C34C04C006C3D12 /* Build configuration list for PBXNativeTarget "HelloUIRefreshControlTests" */ = {
			isa = XCConfigurationList;
			buildConfigurations = (
				D38359821C34C04C006C3D12 /* Debug */,
				D38359831C34C04C006C3D12 /* Release */,
			);
			defaultConfigurationIsVisible = 0;
		};
		D38359841C34C04C006C3D12 /* Build configuration list for PBXNativeTarget "HelloUIRefreshControlUITests" */ = {
			isa = XCConfigurationList;
			buildConfigurations = (
				D38359851C34C04C006C3D12 /* Debug */,
				D38359861C34C04C006C3D12 /* Release */,
			);
			defaultConfigurationIsVisible = 0;
		};
/* End XCConfigurationList section */
	};
	rootObject = D383594E1C34C04C006C3D12 /* Project object */;
}
